
Microsoft Visual Studio Solution File, Format Version 12.00
# Visual Studio Version 16
VisualStudioVersion = 16.0.28803.514
MinimumVisualStudioVersion = 10.0.40219.1
Project("{FAE04EC0-301F-11D3-BF4B-00C04F79EFBC}") = "TodoApi", "TodoApi\TodoApi.csproj", "{5652DC3F-49D5-4E52-9A86-5EF958353491}"
EndProject
Global
	GlobalSection(SolutionConfigurationPlatforms) = preSolution
		Debug|Any CPU = Debug|Any CPU
		Release|Any CPU = Release|Any CPU
	EndGlobalSection
	GlobalSection(ProjectConfigurationPlatforms) = postSolution
		{5652DC3F-49D5-4E52-9A86-5EF958353491}.Debug|Any CPU.ActiveCfg = Debug|Any CPU
		{5652DC3F-49D5-4E52-9A86-5EF958353491}.Debug|Any CPU.Build.0 = Debug|Any CPU
		{5652DC3F-49D5-4E52-9A86-5EF958353491}.Release|Any CPU.ActiveCfg = Release|Any CPU
		{5652DC3F-49D5-4E52-9A86-5EF958353491}.Release|Any CPU.Build.0 = Release|Any CPU
	EndGlobalSection
	GlobalSection(SolutionProperties) = preSolution
		HideSolutionNode = FALSE
	EndGlobalSection
	GlobalSection(ExtensibilityGlobals) = postSolution
		SolutionGuid = {2C2922C6-9F3B-4902-92BC-8FB793D8FC41}
	EndGlobalSection
EndGlobal
